<?xml version="1.0" encoding="utf-8"?>
<Project ToolsVersion="4.0" xmlns="http://schemas.microsoft.com/developer/msbuild/2003">
  <ItemGroup>
    <Filter Include="Source Files">
      <UniqueIdentifier>{4FC737F1-C7A5-4376-A066-2A32D752A2FF}</UniqueIdentifier>
      <Extensions>cpp;c;cc;cxx;def;odl;idl;hpj;bat;asm;asmx</Extensions>
    </Filter>
    <Filter Include="Header Files">
      <UniqueIdentifier>{93995380-89BD-4b04-88EB-625FBE52EBFB}</UniqueIdentifier>
      <Extensions>h;hh;hpp;hxx;hm;inl;inc;xsd</Extensions>
    </Filter>
    <Filter Include="Resource Files">
      <UniqueIdentifier>{67DA6AB6-F800-4c08-8B7A-83BB121AAD01}</UniqueIdentifier>
      <Extensions>rc;ico;cur;bmp;dlg;rc2;rct;bin;rgs;gif;jpg;jpeg;jpe;resx;tiff;tif;png;wav</Extensions>
    </Filter>
  </ItemGroup>
  <ItemGroup>
    <ClCompile Include="bullet.cpp">
      <Filter>Source Files</Filter>
    </ClCompile>
    <ClCompile Include="game.cpp">
      <Filter>Source Files</Filter>
    </ClCompile>
    <ClCompile Include="main.cpp">
      <Filter>Source Files</Filter>
    </ClCompile>
    <ClCompile Include="menu.cpp">
      <Filter>Source Files</Filter>
    </ClCompile>
    <ClCompile Include="scores.cpp">
      <Filter>Source Files</Filter>
    </ClCompile>
    <ClCompile Include="SDL_Class.cpp">
      <Filter>Source Files</Filter>
    </ClCompile>
    <ClCompile Include="soldier.cpp">
      <Filter>Source Files</Filter>
    </ClCompile>
    <ClCompile Include="zombie.cpp">
      <Filter>Source Files</Filter>
    </ClCompile>
    <ClCompile Include="zombies_vs_soldier.cpp">
      <Filter>Source Files</Filter>
    </ClCompile>
    <ClCompile Include="sdl2-2.30.0\test\checkkeys.c">
      <Filter>Source Files</Filter>
    </ClCompile>
    <ClCompile Include="sdl2-2.30.0\test\checkkeysthreads.c">
      <Filter>Source Files</Filter>
    </ClCompile>
    <ClCompile Include="sdl2-2.30.0\test\controllermap.c">
      <Filter>Source Files</Filter>
    </ClCompile>
    <ClCompile Include="sdl2-2.30.0\test\loopwave.c">
      <Filter>Source Files</Filter>
    </ClCompile>
    <ClCompile Include="sdl2-2.30.0\test\loopwavequeue.c">
      <Filter>Source Files</Filter>
    </ClCompile>
    <ClCompile Include="sdl2-2.30.0\test\testatomic.c">
      <Filter>Source Files</Filter>
    </ClCompile>
    <ClCompile Include="sdl2-2.30.0\test\testaudiocapture.c">
      <Filter>Source Files</Filter>
    </ClCompile>
    <ClCompile Include="sdl2-2.30.0\test\testaudiohotplug.c">
      <Filter>Source Files</Filter>
    </ClCompile>
    <ClCompile Include="sdl2-2.30.0\test\testaudioinfo.c">
      <Filter>Source Files</Filter>
    </ClCompile>
    <ClCompile Include="sdl2-2.30.0\test\testautomation.c">
      <Filter>Source Files</Filter>
    </ClCompile>
    <ClCompile Include="sdl2-2.30.0\test\testautomation_audio.c">
      <Filter>Source Files</Filter>
    </ClCompile>
    <ClCompile Include="sdl2-2.30.0\test\testautomation_clipboard.c">
      <Filter>Source Files</Filter>
    </ClCompile>
    <ClCompile Include="sdl2-2.30.0\test\testautomation_events.c">
      <Filter>Source Files</Filter>
    </ClCompile>
    <ClCompile Include="sdl2-2.30.0\test\testautomation_guid.c">
      <Filter>Source Files</Filter>
    </ClCompile>
    <ClCompile Include="sdl2-2.30.0\test\testautomation_hints.c">
      <Filter>Source Files</Filter>
    </ClCompile>
    <ClCompile Include="sdl2-2.30.0\test\testautomation_joystick.c">
      <Filter>Source Files</Filter>
    </ClCompile>
    <ClCompile Include="sdl2-2.30.0\test\testautomation_keyboard.c">
      <Filter>Source Files</Filter>
    </ClCompile>
    <ClCompile Include="sdl2-2.30.0\test\testautomation_log.c">
      <Filter>Source Files</Filter>
    </ClCompile>
    <ClCompile Include="sdl2-2.30.0\test\testautomation_main.c">
      <Filter>Source Files</Filter>
    </ClCompile>
    <ClCompile Include="sdl2-2.30.0\test\testautomation_math.c">
      <Filter>Source Files</Filter>
    </ClCompile>
    <ClCompile Include="sdl2-2.30.0\test\testautomation_mouse.c">
      <Filter>Source Files</Filter>
    </ClCompile>
    <ClCompile Include="sdl2-2.30.0\test\testautomation_pixels.c">
      <Filter>Source Files</Filter>
    </ClCompile>
    <ClCompile Include="sdl2-2.30.0\test\testautomation_platform.c">
      <Filter>Source Files</Filter>
    </ClCompile>
    <ClCompile Include="sdl2-2.30.0\test\testautomation_rect.c">
      <Filter>Source Files</Filter>
    </ClCompile>
    <ClCompile Include="sdl2-2.30.0\test\testautomation_render.c">
      <Filter>Source Files</Filter>
    </ClCompile>
    <ClCompile Include="sdl2-2.30.0\test\testautomation_rwops.c">
      <Filter>Source Files</Filter>
    </ClCompile>
    <ClCompile Include="sdl2-2.30.0\test\testautomation_sdltest.c">
      <Filter>Source Files</Filter>
    </ClCompile>
    <ClCompile Include="sdl2-2.30.0\test\testautomation_stdlib.c">
      <Filter>Source Files</Filter>
    </ClCompile>
    <ClCompile Include="sdl2-2.30.0\test\testautomation_subsystems.c">
      <Filter>Source Files</Filter>
    </ClCompile>
    <ClCompile Include="sdl2-2.30.0\test\testautomation_surface.c">
      <Filter>Source Files</Filter>
    </ClCompile>
    <ClCompile Include="sdl2-2.30.0\test\testautomation_syswm.c">
      <Filter>Source Files</Filter>
    </ClCompile>
    <ClCompile Include="sdl2-2.30.0\test\testautomation_timer.c">
      <Filter>Source Files</Filter>
    </ClCompile>
    <ClCompile Include="sdl2-2.30.0\test\testautomation_video.c">
      <Filter>Source Files</Filter>
    </ClCompile>
    <ClCompile Include="sdl2-2.30.0\test\testbounds.c">
      <Filter>Source Files</Filter>
    </ClCompile>
    <ClCompile Include="sdl2-2.30.0\test\testcustomcursor.c">
      <Filter>Source Files</Filter>
    </ClCompile>
    <ClCompile Include="sdl2-2.30.0\test\testdisplayinfo.c">
      <Filter>Source Files</Filter>
    </ClCompile>
    <ClCompile Include="sdl2-2.30.0\test\testdraw2.c">
      <Filter>Source Files</Filter>
    </ClCompile>
    <ClCompile Include="sdl2-2.30.0\test\testdrawchessboard.c">
      <Filter>Source Files</Filter>
    </ClCompile>
    <ClCompile Include="sdl2-2.30.0\test\testdropfile.c">
      <Filter>Source Files</Filter>
    </ClCompile>
    <ClCompile Include="sdl2-2.30.0\test\testerror.c">
      <Filter>Source Files</Filter>
    </ClCompile>
    <ClCompile Include="sdl2-2.30.0\test\testevdev.c">
      <Filter>Source Files</Filter>
    </ClCompile>
    <ClCompile Include="sdl2-2.30.0\test\testfile.c">
      <Filter>Source Files</Filter>
    </ClCompile>
    <ClCompile Include="sdl2-2.30.0\test\testfilesystem.c">
      <Filter>Source Files</Filter>
    </ClCompile>
    <ClCompile Include="sdl2-2.30.0\test\testfilesystem_pre.c">
      <Filter>Source Files</Filter>
    </ClCompile>
    <ClCompile Include="sdl2-2.30.0\test\testgamecontroller.c">
      <Filter>Source Files</Filter>
    </ClCompile>
    <ClCompile Include="sdl2-2.30.0\test\testgeometry.c">
      <Filter>Source Files</Filter>
    </ClCompile>
    <ClCompile Include="sdl2-2.30.0\test\testgesture.c">
      <Filter>Source Files</Filter>
    </ClCompile>
    <ClCompile Include="sdl2-2.30.0\test\testgl2.c">
      <Filter>Source Files</Filter>
    </ClCompile>
    <ClCompile Include="sdl2-2.30.0\test\testgles.c">
      <Filter>Source Files</Filter>
    </ClCompile>
    <ClCompile Include="sdl2-2.30.0\test\testgles2.c">
      <Filter>Source Files</Filter>
    </ClCompile>
    <ClCompile Include="sdl2-2.30.0\test\testgles2_sdf.c">
      <Filter>Source Files</Filter>
    </ClCompile>
    <ClCompile Include="sdl2-2.30.0\test\testhaptic.c">
      <Filter>Source Files</Filter>
    </ClCompile>
    <ClCompile Include="sdl2-2.30.0\test\testhittesting.c">
      <Filter>Source Files</Filter>
    </ClCompile>
    <ClCompile Include="sdl2-2.30.0\test\testhotplug.c">
      <Filter>Source Files</Filter>
    </ClCompile>
    <ClCompile Include="sdl2-2.30.0\test\testiconv.c">
      <Filter>Source Files</Filter>
    </ClCompile>
    <ClCompile Include="sdl2-2.30.0\test\testime.c">
      <Filter>Source Files</Filter>
    </ClCompile>
    <ClCompile Include="sdl2-2.30.0\test\testintersections.c">
      <Filter>Source Files</Filter>
    </ClCompile>
    <ClCompile Include="sdl2-2.30.0\test\testjoystick.c">
      <Filter>Source Files</Filter>
    </ClCompile>
    <ClCompile Include="sdl2-2.30.0\test\testkeys.c">
      <Filter>Source Files</Filter>
    </ClCompile>
    <ClCompile Include="sdl2-2.30.0\test\testloadso.c">
      <Filter>Source Files</Filter>
    </ClCompile>
    <ClCompile Include="sdl2-2.30.0\test\testlocale.c">
      <Filter>Source Files</Filter>
    </ClCompile>
    <ClCompile Include="sdl2-2.30.0\test\testlock.c">
      <Filter>Source Files</Filter>
    </ClCompile>
    <ClCompile Include="sdl2-2.30.0\test\testmessage.c">
      <Filter>Source Files</Filter>
    </ClCompile>
    <ClCompile Include="sdl2-2.30.0\test\testmouse.c">
      <Filter>Source Files</Filter>
    </ClCompile>
    <ClCompile Include="sdl2-2.30.0\test\testmultiaudio.c">
      <Filter>Source Files</Filter>
    </ClCompile>
    <ClCompile Include="sdl2-2.30.0\test\testnative.c">
      <Filter>Source Files</Filter>
    </ClCompile>
    <ClCompile Include="sdl2-2.30.0\test\testnativeos2.c">
      <Filter>Source Files</Filter>
    </ClCompile>
    <ClCompile Include="sdl2-2.30.0\test\testnativew32.c">
      <Filter>Source Files</Filter>
    </ClCompile>
    <ClCompile Include="sdl2-2.30.0\test\testnativex11.c">
      <Filter>Source Files</Filter>
    </ClCompile>
    <ClCompile Include="sdl2-2.30.0\test\testoffscreen.c">
      <Filter>Source Files</Filter>
    </ClCompile>
    <ClCompile Include="sdl2-2.30.0\test\testoverlay2.c">
      <Filter>Source Files</Filter>
    </ClCompile>
    <ClCompile Include="sdl2-2.30.0\test\testplatform.c">
      <Filter>Source Files</Filter>
    </ClCompile>
    <ClCompile Include="sdl2-2.30.0\test\testpower.c">
      <Filter>Source Files</Filter>
    </ClCompile>
    <ClCompile Include="sdl2-2.30.0\test\testqsort.c">
      <Filter>Source Files</Filter>
    </ClCompile>
    <ClCompile Include="sdl2-2.30.0\test\testrelative.c">
      <Filter>Source Files</Filter>
    </ClCompile>
    <ClCompile Include="sdl2-2.30.0\test\testrendercopyex.c">
      <Filter>Source Files</Filter>
    </ClCompile>
    <ClCompile Include="sdl2-2.30.0\test\testrendertarget.c">
      <Filter>Source Files</Filter>
    </ClCompile>
    <ClCompile Include="sdl2-2.30.0\test\testresample.c">
      <Filter>Source Files</Filter>
    </ClCompile>
    <ClCompile Include="sdl2-2.30.0\test\testrumble.c">
      <Filter>Source Files</Filter>
    </ClCompile>
    <ClCompile Include="sdl2-2.30.0\test\testscale.c">
      <Filter>Source Files</Filter>
    </ClCompile>
    <ClCompile Include="sdl2-2.30.0\test\testsem.c">
      <Filter>Source Files</Filter>
    </ClCompile>
    <ClCompile Include="sdl2-2.30.0\test\testsensor.c">
      <Filter>Source Files</Filter>
    </ClCompile>
    <ClCompile Include="sdl2-2.30.0\test\testshader.c">
      <Filter>Source Files</Filter>
    </ClCompile>
    <ClCompile Include="sdl2-2.30.0\test\testshape.c">
      <Filter>Source Files</Filter>
    </ClCompile>
    <ClCompile Include="sdl2-2.30.0\test\testsprite2.c">
      <Filter>Source Files</Filter>
    </ClCompile>
    <ClCompile Include="sdl2-2.30.0\test\testspriteminimal.c">
      <Filter>Source Files</Filter>
    </ClCompile>
    <ClCompile Include="sdl2-2.30.0\test\teststreaming.c">
      <Filter>Source Files</Filter>
    </ClCompile>
    <ClCompile Include="sdl2-2.30.0\test\testsurround.c">
      <Filter>Source Files</Filter>
    </ClCompile>
    <ClCompile Include="sdl2-2.30.0\test\testthread.c">
      <Filter>Source Files</Filter>
    </ClCompile>
    <ClCompile Include="sdl2-2.30.0\test\testtimer.c">
      <Filter>Source Files</Filter>
    </ClCompile>
    <ClCompile Include="sdl2-2.30.0\test\testurl.c">
      <Filter>Source Files</Filter>
    </ClCompile>
    <ClCompile Include="sdl2-2.30.0\test\testutils.c">
      <Filter>Source Files</Filter>
    </ClCompile>
    <ClCompile Include="sdl2-2.30.0\test\testver.c">
      <Filter>Source Files</Filter>
    </ClCompile>
    <ClCompile Include="sdl2-2.30.0\test\testviewport.c">
      <Filter>Source Files</Filter>
    </ClCompile>
    <ClCompile Include="sdl2-2.30.0\test\testvulkan.c">
      <Filter>Source Files</Filter>
    </ClCompile>
    <ClCompile Include="sdl2-2.30.0\test\testwm2.c">
      <Filter>Source Files</Filter>
    </ClCompile>
    <ClCompile Include="sdl2-2.30.0\test\testyuv.c">
      <Filter>Source Files</Filter>
    </ClCompile>
    <ClCompile Include="sdl2-2.30.0\test\testyuv_cvt.c">
      <Filter>Source Files</Filter>
    </ClCompile>
    <ClCompile Include="sdl2-2.30.0\test\torturethread.c">
      <Filter>Source Files</Filter>
    </ClCompile>
  </ItemGroup>
  <ItemGroup>
    <ClInclude Include="bullet.hpp">
      <Filter>Header Files</Filter>
    </ClInclude>
    <ClInclude Include="game.hpp">
      <Filter>Header Files</Filter>
    </ClInclude>
    <ClInclude Include="menu.hpp">
      <Filter>Header Files</Filter>
    </ClInclude>
    <ClInclude Include="scores.hpp">
      <Filter>Header Files</Filter>
    </ClInclude>
    <ClInclude Include="SDL_Class.hpp">
      <Filter>Header Files</Filter>
    </ClInclude>
    <ClInclude Include="soldier.hpp">
      <Filter>Header Files</Filter>
    </ClInclude>
    <ClInclude Include="zombie.hpp">
      <Filter>Header Files</Filter>
    </ClInclude>
    <ClInclude Include="zombies_vs_soldier.hpp">
      <Filter>Header Files</Filter>
    </ClInclude>
    <ClInclude Include="sdl2\include\sdl2\begin_code.h">
      <Filter>Header Files</Filter>
    </ClInclude>
    <ClInclude Include="sdl2\include\sdl2\close_code.h">
      <Filter>Header Files</Filter>
    </ClInclude>
    <ClInclude Include="sdl2\include\sdl2\SDL.h">
      <Filter>Header Files</Filter>
    </ClInclude>
    <ClInclude Include="sdl2\include\sdl2\SDL_assert.h">
      <Filter>Header Files</Filter>
    </ClInclude>
    <ClInclude Include="sdl2\include\sdl2\SDL_atomic.h">
      <Filter>Header Files</Filter>
    </ClInclude>
    <ClInclude Include="sdl2\include\sdl2\SDL_audio.h">
      <Filter>Header Files</Filter>
    </ClInclude>
    <ClInclude Include="sdl2\include\sdl2\SDL_bits.h">
      <Filter>Header Files</Filter>
    </ClInclude>
    <ClInclude Include="sdl2\include\sdl2\SDL_blendmode.h">
      <Filter>Header Files</Filter>
    </ClInclude>
    <ClInclude Include="sdl2\include\sdl2\SDL_clipboard.h">
      <Filter>Header Files</Filter>
    </ClInclude>
    <ClInclude Include="sdl2\include\sdl2\SDL_config.h">
      <Filter>Header Files</Filter>
    </ClInclude>
    <ClInclude Include="sdl2\include\sdl2\SDL_cpuinfo.h">
      <Filter>Header Files</Filter>
    </ClInclude>
    <ClInclude Include="sdl2\include\sdl2\SDL_egl.h">
      <Filter>Header Files</Filter>
    </ClInclude>
    <ClInclude Include="sdl2\include\sdl2\SDL_endian.h">
      <Filter>Header Files</Filter>
    </ClInclude>
    <ClInclude Include="sdl2\include\sdl2\SDL_error.h">
      <Filter>Header Files</Filter>
    </ClInclude>
    <ClInclude Include="sdl2\include\sdl2\SDL_events.h">
      <Filter>Header Files</Filter>
    </ClInclude>
    <ClInclude Include="sdl2\include\sdl2\SDL_filesystem.h">
      <Filter>Header Files</Filter>
    </ClInclude>
    <ClInclude Include="sdl2\include\sdl2\SDL_gamecontroller.h">
      <Filter>Header Files</Filter>
    </ClInclude>
    <ClInclude Include="sdl2\include\sdl2\SDL_gesture.h">
      <Filter>Header Files</Filter>
    </ClInclude>
    <ClInclude Include="sdl2\include\sdl2\SDL_guid.h">
      <Filter>Header Files</Filter>
    </ClInclude>
    <ClInclude Include="sdl2\include\sdl2\SDL_haptic.h">
      <Filter>Header Files</Filter>
    </ClInclude>
    <ClInclude Include="sdl2\include\sdl2\SDL_hidapi.h">
      <Filter>Header Files</Filter>
    </ClInclude>
    <ClInclude Include="sdl2\include\sdl2\SDL_hints.h">
      <Filter>Header Files</Filter>
    </ClInclude>
    <ClInclude Include="sdl2\include\sdl2\SDL_joystick.h">
      <Filter>Header Files</Filter>
    </ClInclude>
    <ClInclude Include="sdl2\include\sdl2\SDL_keyboard.h">
      <Filter>Header Files</Filter>
    </ClInclude>
    <ClInclude Include="sdl2\include\sdl2\SDL_keycode.h">
      <Filter>Header Files</Filter>
    </ClInclude>
    <ClInclude Include="sdl2\include\sdl2\SDL_loadso.h">
      <Filter>Header Files</Filter>
    </ClInclude>
    <ClInclude Include="sdl2\include\sdl2\SDL_locale.h">
      <Filter>Header Files</Filter>
    </ClInclude>
    <ClInclude Include="sdl2\include\sdl2\SDL_log.h">
      <Filter>Header Files</Filter>
    </ClInclude>
    <ClInclude Include="sdl2\include\sdl2\SDL_main.h">
      <Filter>Header Files</Filter>
    </ClInclude>
    <ClInclude Include="sdl2\include\sdl2\SDL_messagebox.h">
      <Filter>Header Files</Filter>
    </ClInclude>
    <ClInclude Include="sdl2\include\sdl2\SDL_metal.h">
      <Filter>Header Files</Filter>
    </ClInclude>
    <ClInclude Include="sdl2\include\sdl2\SDL_misc.h">
      <Filter>Header Files</Filter>
    </ClInclude>
    <ClInclude Include="sdl2\include\sdl2\SDL_mouse.h">
      <Filter>Header Files</Filter>
    </ClInclude>
    <ClInclude Include="sdl2\include\sdl2\SDL_mutex.h">
      <Filter>Header Files</Filter>
    </ClInclude>
    <ClInclude Include="sdl2\include\sdl2\SDL_name.h">
      <Filter>Header Files</Filter>
    </ClInclude>
    <ClInclude Include="sdl2\include\sdl2\SDL_opengl.h">
      <Filter>Header Files</Filter>
    </ClInclude>
    <ClInclude Include="sdl2\include\sdl2\SDL_opengles.h">
      <Filter>Header Files</Filter>
    </ClInclude>
    <ClInclude Include="sdl2\include\sdl2\SDL_opengles2.h">
      <Filter>Header Files</Filter>
    </ClInclude>
    <ClInclude Include="sdl2\include\sdl2\SDL_opengles2_gl2.h">
      <Filter>Header Files</Filter>
    </ClInclude>
    <ClInclude Include="sdl2\include\sdl2\SDL_opengles2_gl2ext.h">
      <Filter>Header Files</Filter>
    </ClInclude>
    <ClInclude Include="sdl2\include\sdl2\SDL_opengles2_gl2platform.h">
      <Filter>Header Files</Filter>
    </ClInclude>
    <ClInclude Include="sdl2\include\sdl2\SDL_opengles2_khrplatform.h">
      <Filter>Header Files</Filter>
    </ClInclude>
    <ClInclude Include="sdl2\include\sdl2\SDL_opengl_glext.h">
      <Filter>Header Files</Filter>
    </ClInclude>
    <ClInclude Include="sdl2\include\sdl2\SDL_pixels.h">
      <Filter>Header Files</Filter>
    </ClInclude>
    <ClInclude Include="sdl2\include\sdl2\SDL_platform.h">
      <Filter>Header Files</Filter>
    </ClInclude>
    <ClInclude Include="sdl2\include\sdl2\SDL_power.h">
      <Filter>Header Files</Filter>
    </ClInclude>
    <ClInclude Include="sdl2\include\sdl2\SDL_quit.h">
      <Filter>Header Files</Filter>
    </ClInclude>
    <ClInclude Include="sdl2\include\sdl2\SDL_rect.h">
      <Filter>Header Files</Filter>
    </ClInclude>
    <ClInclude Include="sdl2\include\sdl2\SDL_render.h">
      <Filter>Header Files</Filter>
    </ClInclude>
    <ClInclude Include="sdl2\include\sdl2\SDL_revision.h">
      <Filter>Header Files</Filter>
    </ClInclude>
    <ClInclude Include="sdl2\include\sdl2\SDL_rwops.h">
      <Filter>Header Files</Filter>
    </ClInclude>
    <ClInclude Include="sdl2\include\sdl2\SDL_scancode.h">
      <Filter>Header Files</Filter>
    </ClInclude>
    <ClInclude Include="sdl2\include\sdl2\SDL_sensor.h">
      <Filter>Header Files</Filter>
    </ClInclude>
    <ClInclude Include="sdl2\include\sdl2\SDL_shape.h">
      <Filter>Header Files</Filter>
    </ClInclude>
    <ClInclude Include="sdl2\include\sdl2\SDL_stdinc.h">
      <Filter>Header Files</Filter>
    </ClInclude>
    <ClInclude Include="sdl2\include\sdl2\SDL_surface.h">
      <Filter>Header Files</Filter>
    </ClInclude>
    <ClInclude Include="sdl2\include\sdl2\SDL_system.h">
      <Filter>Header Files</Filter>
    </ClInclude>
    <ClInclude Include="sdl2\include\sdl2\SDL_syswm.h">
      <Filter>Header Files</Filter>
    </ClInclude>
    <ClInclude Include="sdl2\include\sdl2\SDL_test.h">
      <Filter>Header Files</Filter>
    </ClInclude>
    <ClInclude Include="sdl2\include\sdl2\SDL_test_assert.h">
      <Filter>Header Files</Filter>
    </ClInclude>
    <ClInclude Include="sdl2\include\sdl2\SDL_test_common.h">
      <Filter>Header Files</Filter>
    </ClInclude>
    <ClInclude Include="sdl2\include\sdl2\SDL_test_compare.h">
      <Filter>Header Files</Filter>
    </ClInclude>
    <ClInclude Include="sdl2\include\sdl2\SDL_test_crc32.h">
      <Filter>Header Files</Filter>
    </ClInclude>
    <ClInclude Include="sdl2\include\sdl2\SDL_test_font.h">
      <Filter>Header Files</Filter>
    </ClInclude>
    <ClInclude Include="sdl2\include\sdl2\SDL_test_fuzzer.h">
      <Filter>Header Files</Filter>
    </ClInclude>
    <ClInclude Include="sdl2\include\sdl2\SDL_test_harness.h">
      <Filter>Header Files</Filter>
    </ClInclude>
    <ClInclude Include="sdl2\include\sdl2\SDL_test_images.h">
      <Filter>Header Files</Filter>
    </ClInclude>
    <ClInclude Include="sdl2\include\sdl2\SDL_test_log.h">
      <Filter>Header Files</Filter>
    </ClInclude>
    <ClInclude Include="sdl2\include\sdl2\SDL_test_md5.h">
      <Filter>Header Files</Filter>
    </ClInclude>
    <ClInclude Include="sdl2\include\sdl2\SDL_test_memory.h">
      <Filter>Header Files</Filter>
    </ClInclude>
    <ClInclude Include="sdl2\include\sdl2\SDL_test_random.h">
      <Filter>Header Files</Filter>
    </ClInclude>
    <ClInclude Include="sdl2\include\sdl2\SDL_thread.h">
      <Filter>Header Files</Filter>
    </ClInclude>
    <ClInclude Include="sdl2\include\sdl2\SDL_timer.h">
      <Filter>Header Files</Filter>
    </ClInclude>
    <ClInclude Include="sdl2\include\sdl2\SDL_touch.h">
      <Filter>Header Files</Filter>
    </ClInclude>
    <ClInclude Include="sdl2\include\sdl2\SDL_types.h">
      <Filter>Header Files</Filter>
    </ClInclude>
    <ClInclude Include="sdl2\include\sdl2\SDL_version.h">
      <Filter>Header Files</Filter>
    </ClInclude>
    <ClInclude Include="sdl2\include\sdl2\SDL_video.h">
      <Filter>Header Files</Filter>
    </ClInclude>
    <ClInclude Include="sdl2\include\sdl2\SDL_vulkan.h">
      <Filter>Header Files</Filter>
    </ClInclude>
    <ClInclude Include="sdl2-2.30.0\i686-w64-mingw32\include\sdl2\begin_code.h">
      <Filter>Header Files</Filter>
    </ClInclude>
    <ClInclude Include="sdl2-2.30.0\i686-w64-mingw32\include\sdl2\close_code.h">
      <Filter>Header Files</Filter>
    </ClInclude>
    <ClInclude Include="sdl2-2.30.0\i686-w64-mingw32\include\sdl2\SDL.h">
      <Filter>Header Files</Filter>
    </ClInclude>
    <ClInclude Include="sdl2-2.30.0\i686-w64-mingw32\include\sdl2\SDL_assert.h">
      <Filter>Header Files</Filter>
    </ClInclude>
    <ClInclude Include="sdl2-2.30.0\i686-w64-mingw32\include\sdl2\SDL_atomic.h">
      <Filter>Header Files</Filter>
    </ClInclude>
    <ClInclude Include="sdl2-2.30.0\i686-w64-mingw32\include\sdl2\SDL_audio.h">
      <Filter>Header Files</Filter>
    </ClInclude>
    <ClInclude Include="sdl2-2.30.0\i686-w64-mingw32\include\sdl2\SDL_bits.h">
      <Filter>Header Files</Filter>
    </ClInclude>
    <ClInclude Include="sdl2-2.30.0\i686-w64-mingw32\include\sdl2\SDL_blendmode.h">
      <Filter>Header Files</Filter>
    </ClInclude>
    <ClInclude Include="sdl2-2.30.0\i686-w64-mingw32\include\sdl2\SDL_clipboard.h">
      <Filter>Header Files</Filter>
    </ClInclude>
    <ClInclude Include="sdl2-2.30.0\i686-w64-mingw32\include\sdl2\SDL_config.h">
      <Filter>Header Files</Filter>
    </ClInclude>
    <ClInclude Include="sdl2-2.30.0\i686-w64-mingw32\include\sdl2\SDL_cpuinfo.h">
      <Filter>Header Files</Filter>
    </ClInclude>
    <ClInclude Include="sdl2-2.30.0\i686-w64-mingw32\include\sdl2\SDL_egl.h">
      <Filter>Header Files</Filter>
    </ClInclude>
    <ClInclude Include="sdl2-2.30.0\i686-w64-mingw32\include\sdl2\SDL_endian.h">
      <Filter>Header Files</Filter>
    </ClInclude>
    <ClInclude Include="sdl2-2.30.0\i686-w64-mingw32\include\sdl2\SDL_error.h">
      <Filter>Header Files</Filter>
    </ClInclude>
    <ClInclude Include="sdl2-2.30.0\i686-w64-mingw32\include\sdl2\SDL_events.h">
      <Filter>Header Files</Filter>
    </ClInclude>
    <ClInclude Include="sdl2-2.30.0\i686-w64-mingw32\include\sdl2\SDL_filesystem.h">
      <Filter>Header Files</Filter>
    </ClInclude>
    <ClInclude Include="sdl2-2.30.0\i686-w64-mingw32\include\sdl2\SDL_gamecontroller.h">
      <Filter>Header Files</Filter>
    </ClInclude>
    <ClInclude Include="sdl2-2.30.0\i686-w64-mingw32\include\sdl2\SDL_gesture.h">
      <Filter>Header Files</Filter>
    </ClInclude>
    <ClInclude Include="sdl2-2.30.0\i686-w64-mingw32\include\sdl2\SDL_guid.h">
      <Filter>Header Files</Filter>
    </ClInclude>
    <ClInclude Include="sdl2-2.30.0\i686-w64-mingw32\include\sdl2\SDL_haptic.h">
      <Filter>Header Files</Filter>
    </ClInclude>
    <ClInclude Include="sdl2-2.30.0\i686-w64-mingw32\include\sdl2\SDL_hidapi.h">
      <Filter>Header Files</Filter>
    </ClInclude>
    <ClInclude Include="sdl2-2.30.0\i686-w64-mingw32\include\sdl2\SDL_hints.h">
      <Filter>Header Files</Filter>
    </ClInclude>
    <ClInclude Include="sdl2-2.30.0\i686-w64-mingw32\include\sdl2\SDL_joystick.h">
      <Filter>Header Files</Filter>
    </ClInclude>
    <ClInclude Include="sdl2-2.30.0\i686-w64-mingw32\include\sdl2\SDL_keyboard.h">
      <Filter>Header Files</Filter>
    </ClInclude>
    <ClInclude Include="sdl2-2.30.0\i686-w64-mingw32\include\sdl2\SDL_keycode.h">
      <Filter>Header Files</Filter>
    </ClInclude>
    <ClInclude Include="sdl2-2.30.0\i686-w64-mingw32\include\sdl2\SDL_loadso.h">
      <Filter>Header Files</Filter>
    </ClInclude>
    <ClInclude Include="sdl2-2.30.0\i686-w64-mingw32\include\sdl2\SDL_locale.h">
      <Filter>Header Files</Filter>
    </ClInclude>
    <ClInclude Include="sdl2-2.30.0\i686-w64-mingw32\include\sdl2\SDL_log.h">
      <Filter>Header Files</Filter>
    </ClInclude>
    <ClInclude Include="sdl2-2.30.0\i686-w64-mingw32\include\sdl2\SDL_main.h">
      <Filter>Header Files</Filter>
    </ClInclude>
    <ClInclude Include="sdl2-2.30.0\i686-w64-mingw32\include\sdl2\SDL_messagebox.h">
      <Filter>Header Files</Filter>
    </ClInclude>
    <ClInclude Include="sdl2-2.30.0\i686-w64-mingw32\include\sdl2\SDL_metal.h">
      <Filter>Header Files</Filter>
    </ClInclude>
    <ClInclude Include="sdl2-2.30.0\i686-w64-mingw32\include\sdl2\SDL_misc.h">
      <Filter>Header Files</Filter>
    </ClInclude>
    <ClInclude Include="sdl2-2.30.0\i686-w64-mingw32\include\sdl2\SDL_mouse.h">
      <Filter>Header Files</Filter>
    </ClInclude>
    <ClInclude Include="sdl2-2.30.0\i686-w64-mingw32\include\sdl2\SDL_mutex.h">
      <Filter>Header Files</Filter>
    </ClInclude>
    <ClInclude Include="sdl2-2.30.0\i686-w64-mingw32\include\sdl2\SDL_name.h">
      <Filter>Header Files</Filter>
    </ClInclude>
    <ClInclude Include="sdl2-2.30.0\i686-w64-mingw32\include\sdl2\SDL_opengl.h">
      <Filter>Header Files</Filter>
    </ClInclude>
    <ClInclude Include="sdl2-2.30.0\i686-w64-mingw32\include\sdl2\SDL_opengles.h">
      <Filter>Header Files</Filter>
    </ClInclude>
    <ClInclude Include="sdl2-2.30.0\i686-w64-mingw32\include\sdl2\SDL_opengles2.h">
      <Filter>Header Files</Filter>
    </ClInclude>
    <ClInclude Include="sdl2-2.30.0\i686-w64-mingw32\include\sdl2\SDL_opengles2_gl2.h">
      <Filter>Header Files</Filter>
    </ClInclude>
    <ClInclude Include="sdl2-2.30.0\i686-w64-mingw32\include\sdl2\SDL_opengles2_gl2ext.h">
      <Filter>Header Files</Filter>
    </ClInclude>
    <ClInclude Include="sdl2-2.30.0\i686-w64-mingw32\include\sdl2\SDL_opengles2_gl2platform.h">
      <Filter>Header Files</Filter>
    </ClInclude>
    <ClInclude Include="sdl2-2.30.0\i686-w64-mingw32\include\sdl2\SDL_opengles2_khrplatform.h">
      <Filter>Header Files</Filter>
    </ClInclude>
    <ClInclude Include="sdl2-2.30.0\i686-w64-mingw32\include\sdl2\SDL_opengl_glext.h">
      <Filter>Header Files</Filter>
    </ClInclude>
    <ClInclude Include="sdl2-2.30.0\i686-w64-mingw32\include\sdl2\SDL_pixels.h">
      <Filter>Header Files</Filter>
    </ClInclude>
    <ClInclude Include="sdl2-2.30.0\i686-w64-mingw32\include\sdl2\SDL_platform.h">
      <Filter>Header Files</Filter>
    </ClInclude>
    <ClInclude Include="sdl2-2.30.0\i686-w64-mingw32\include\sdl2\SDL_power.h">
      <Filter>Header Files</Filter>
    </ClInclude>
    <ClInclude Include="sdl2-2.30.0\i686-w64-mingw32\include\sdl2\SDL_quit.h">
      <Filter>Header Files</Filter>
    </ClInclude>
    <ClInclude Include="sdl2-2.30.0\i686-w64-mingw32\include\sdl2\SDL_rect.h">
      <Filter>Header Files</Filter>
    </ClInclude>
    <ClInclude Include="sdl2-2.30.0\i686-w64-mingw32\include\sdl2\SDL_render.h">
      <Filter>Header Files</Filter>
    </ClInclude>
    <ClInclude Include="sdl2-2.30.0\i686-w64-mingw32\include\sdl2\SDL_revision.h">
      <Filter>Header Files</Filter>
    </ClInclude>
    <ClInclude Include="sdl2-2.30.0\i686-w64-mingw32\include\sdl2\SDL_rwops.h">
      <Filter>Header Files</Filter>
    </ClInclude>
    <ClInclude Include="sdl2-2.30.0\i686-w64-mingw32\include\sdl2\SDL_scancode.h">
      <Filter>Header Files</Filter>
    </ClInclude>
    <ClInclude Include="sdl2-2.30.0\i686-w64-mingw32\include\sdl2\SDL_sensor.h">
      <Filter>Header Files</Filter>
    </ClInclude>
    <ClInclude Include="sdl2-2.30.0\i686-w64-mingw32\include\sdl2\SDL_shape.h">
      <Filter>Header Files</Filter>
    </ClInclude>
    <ClInclude Include="sdl2-2.30.0\i686-w64-mingw32\include\sdl2\SDL_stdinc.h">
      <Filter>Header Files</Filter>
    </ClInclude>
    <ClInclude Include="sdl2-2.30.0\i686-w64-mingw32\include\sdl2\SDL_surface.h">
      <Filter>Header Files</Filter>
    </ClInclude>
    <ClInclude Include="sdl2-2.30.0\i686-w64-mingw32\include\sdl2\SDL_system.h">
      <Filter>Header Files</Filter>
    </ClInclude>
    <ClInclude Include="sdl2-2.30.0\i686-w64-mingw32\include\sdl2\SDL_syswm.h">
      <Filter>Header Files</Filter>
    </ClInclude>
    <ClInclude Include="sdl2-2.30.0\i686-w64-mingw32\include\sdl2\SDL_test.h">
      <Filter>Header Files</Filter>
    </ClInclude>
    <ClInclude Include="sdl2-2.30.0\i686-w64-mingw32\include\sdl2\SDL_test_assert.h">
      <Filter>Header Files</Filter>
    </ClInclude>
    <ClInclude Include="sdl2-2.30.0\i686-w64-mingw32\include\sdl2\SDL_test_common.h">
      <Filter>Header Files</Filter>
    </ClInclude>
    <ClInclude Include="sdl2-2.30.0\i686-w64-mingw32\include\sdl2\SDL_test_compare.h">
      <Filter>Header Files</Filter>
    </ClInclude>
    <ClInclude Include="sdl2-2.30.0\i686-w64-mingw32\include\sdl2\SDL_test_crc32.h">
      <Filter>Header Files</Filter>
    </ClInclude>
    <ClInclude Include="sdl2-2.30.0\i686-w64-mingw32\include\sdl2\SDL_test_font.h">
      <Filter>Header Files</Filter>
    </ClInclude>
    <ClInclude Include="sdl2-2.30.0\i686-w64-mingw32\include\sdl2\SDL_test_fuzzer.h">
      <Filter>Header Files</Filter>
    </ClInclude>
    <ClInclude Include="sdl2-2.30.0\i686-w64-mingw32\include\sdl2\SDL_test_harness.h">
      <Filter>Header Files</Filter>
    </ClInclude>
    <ClInclude Include="sdl2-2.30.0\i686-w64-mingw32\include\sdl2\SDL_test_images.h">
      <Filter>Header Files</Filter>
    </ClInclude>
    <ClInclude Include="sdl2-2.30.0\i686-w64-mingw32\include\sdl2\SDL_test_log.h">
      <Filter>Header Files</Filter>
    </ClInclude>
    <ClInclude Include="sdl2-2.30.0\i686-w64-mingw32\include\sdl2\SDL_test_md5.h">
      <Filter>Header Files</Filter>
    </ClInclude>
    <ClInclude Include="sdl2-2.30.0\i686-w64-mingw32\include\sdl2\SDL_test_memory.h">
      <Filter>Header Files</Filter>
    </ClInclude>
    <ClInclude Include="sdl2-2.30.0\i686-w64-mingw32\include\sdl2\SDL_test_random.h">
      <Filter>Header Files</Filter>
    </ClInclude>
    <ClInclude Include="sdl2-2.30.0\i686-w64-mingw32\include\sdl2\SDL_thread.h">
      <Filter>Header Files</Filter>
    </ClInclude>
    <ClInclude Include="sdl2-2.30.0\i686-w64-mingw32\include\sdl2\SDL_timer.h">
      <Filter>Header Files</Filter>
    </ClInclude>
    <ClInclude Include="sdl2-2.30.0\i686-w64-mingw32\include\sdl2\SDL_touch.h">
      <Filter>Header Files</Filter>
    </ClInclude>
    <ClInclude Include="sdl2-2.30.0\i686-w64-mingw32\include\sdl2\SDL_types.h">
      <Filter>Header Files</Filter>
    </ClInclude>
    <ClInclude Include="sdl2-2.30.0\i686-w64-mingw32\include\sdl2\SDL_version.h">
      <Filter>Header Files</Filter>
    </ClInclude>
    <ClInclude Include="sdl2-2.30.0\i686-w64-mingw32\include\sdl2\SDL_video.h">
      <Filter>Header Files</Filter>
    </ClInclude>
    <ClInclude Include="sdl2-2.30.0\i686-w64-mingw32\include\sdl2\SDL_vulkan.h">
      <Filter>Header Files</Filter>
    </ClInclude>
    <ClInclude Include="sdl2-2.30.0\test\testautomation_suites.h">
      <Filter>Header Files</Filter>
    </ClInclude>
    <ClInclude Include="sdl2-2.30.0\test\testnative.h">
      <Filter>Header Files</Filter>
    </ClInclude>
    <ClInclude Include="sdl2-2.30.0\test\testutils.h">
      <Filter>Header Files</Filter>
    </ClInclude>
    <ClInclude Include="sdl2-2.30.0\test\testyuv_cvt.h">
      <Filter>Header Files</Filter>
    </ClInclude>
  </ItemGroup>
  <ItemGroup>
    <None Include="sdl2-2.30.0\test\nacl\index.html" />
  </ItemGroup>
</Project>